{
    "name": "jsnoz",
    "version": "1.4.6",
    "lockfileVersion": 1,
    "requires": true,
    "dependencies": {
        "moment": {
            "version": "2.27.0",
            "resolved": "https://registry.npm.taobao.org/moment/download/moment-2.27.0.tgz?cache=0&sync_timestamp=1592516084857&other_urls=https%3A%2F%2Fregistry.npm.taobao.org%2Fmoment%2Fdownload%2Fmoment-2.27.0.tgz",
            "integrity": "sha1-i/9OPiaiNiIN/j423nVrbrqgEF0="
        },
        "moment-isocalendar": {
            "version": "0.1.0",
            "resolved": "https://registry.npm.taobao.org/moment-isocalendar/download/moment-isocalendar-0.1.0.tgz",
            "integrity": "sha1-Ya3EdCw2laL4aN0z+9ZpBGoy5Lg=",
            "requires": {
                "moment": ">=1.4.0"
            }
        },
        "moment-timezone": {
            "version": "0.5.31",
            "resolved": "https://registry.npm.taobao.org/moment-timezone/download/moment-timezone-0.5.31.tgz?cache=0&sync_timestamp=1589720126509&other_urls=https%3A%2F%2Fregistry.npm.taobao.org%2Fmoment-timezone%2Fdownload%2Fmoment-timezone-0.5.31.tgz",
            "integrity": "sha1-nEDYxQJvDHq0bto9Y+ScFVFI3gU=",
            "requires": {
                "moment": ">= 2.9.0"
            }
        }
    }
}
